
Microsoft Visual Studio Solution File, Format Version 12.00
# Visual Studio Version 17
VisualStudioVersion = 17.0.32014.148
MinimumVisualStudioVersion = 10.0.40219.1
Project("{9A19103F-16F7-4668-BE54-9A1E7A4F7556}") = "Disco.Api", "Disco.Api\Disco.Api.csproj", "{E1918CC2-6D52-4047-A233-692B071DE340}"
EndProject
Project("{9A19103F-16F7-4668-BE54-9A1E7A4F7556}") = "Disco.Tests", "Disco.Tests\Disco.Tests.csproj", "{53203ACA-977E-4334-A34B-DC744AAD9D5A}"
EndProject
Project("{9A19103F-16F7-4668-BE54-9A1E7A4F7556}") = "Disco.Business", "Disco.Business\Disco.Business.csproj", "{79509FA5-48BE-4769-BF6F-1A9A37F8049C}"
EndProject
Project("{9A19103F-16F7-4668-BE54-9A1E7A4F7556}") = "Disco.Domain", "Disco.Repositories\Disco.Domain.csproj", "{21515EC4-09A5-4089-BAD4-0B4822330414}"
EndProject
Global
	GlobalSection(SolutionConfigurationPlatforms) = preSolution
		Debug|Any CPU = Debug|Any CPU
		Release|Any CPU = Release|Any CPU
	EndGlobalSection
	GlobalSection(ProjectConfigurationPlatforms) = postSolution
		{E1918CC2-6D52-4047-A233-692B071DE340}.Debug|Any CPU.ActiveCfg = Debug|Any CPU
		{E1918CC2-6D52-4047-A233-692B071DE340}.Debug|Any CPU.Build.0 = Debug|Any CPU
		{E1918CC2-6D52-4047-A233-692B071DE340}.Release|Any CPU.ActiveCfg = Release|Any CPU
		{E1918CC2-6D52-4047-A233-692B071DE340}.Release|Any CPU.Build.0 = Release|Any CPU
		{53203ACA-977E-4334-A34B-DC744AAD9D5A}.Debug|Any CPU.ActiveCfg = Debug|Any CPU
		{53203ACA-977E-4334-A34B-DC744AAD9D5A}.Debug|Any CPU.Build.0 = Debug|Any CPU
		{53203ACA-977E-4334-A34B-DC744AAD9D5A}.Release|Any CPU.ActiveCfg = Release|Any CPU
		{53203ACA-977E-4334-A34B-DC744AAD9D5A}.Release|Any CPU.Build.0 = Release|Any CPU
		{79509FA5-48BE-4769-BF6F-1A9A37F8049C}.Debug|Any CPU.ActiveCfg = Debug|Any CPU
		{79509FA5-48BE-4769-BF6F-1A9A37F8049C}.Debug|Any CPU.Build.0 = Debug|Any CPU
		{79509FA5-48BE-4769-BF6F-1A9A37F8049C}.Release|Any CPU.ActiveCfg = Release|Any CPU
		{79509FA5-48BE-4769-BF6F-1A9A37F8049C}.Release|Any CPU.Build.0 = Release|Any CPU
		{21515EC4-09A5-4089-BAD4-0B4822330414}.Debug|Any CPU.ActiveCfg = Debug|Any CPU
		{21515EC4-09A5-4089-BAD4-0B4822330414}.Debug|Any CPU.Build.0 = Debug|Any CPU
		{21515EC4-09A5-4089-BAD4-0B4822330414}.Release|Any CPU.ActiveCfg = Release|Any CPU
		{21515EC4-09A5-4089-BAD4-0B4822330414}.Release|Any CPU.Build.0 = Release|Any CPU
	EndGlobalSection
	GlobalSection(SolutionProperties) = preSolution
		HideSolutionNode = FALSE
	EndGlobalSection
	GlobalSection(ExtensibilityGlobals) = postSolution
		SolutionGuid = {945BAE7D-185F-418B-8EE7-4CE52AF7CAA0}
	EndGlobalSection
EndGlobal
