
Microsoft Visual Studio Solution File, Format Version 12.00
# Visual Studio Version 16
VisualStudioVersion = 16.0.30804.86
MinimumVisualStudioVersion = 10.0.40219.1
Project("{9A19103F-16F7-4668-BE54-9A1E7A4F7556}") = "Disco.DAL", "Disco.DAL\Disco.DAL.csproj", "{E8719869-1848-44F5-AFF0-60EA9D395D84}"
EndProject
Project("{9A19103F-16F7-4668-BE54-9A1E7A4F7556}") = "Disco.Server", "Disco.Server\Disco.Server.csproj", "{2A5ED972-48B2-4198-9CD6-3C4929223040}"
EndProject
Project("{FAE04EC0-301F-11D3-BF4B-00C04F79EFBC}") = "Disco.Mobile.Android", "Disco.Mobile\Disco.Mobile.Android\Disco.Mobile.Android.csproj", "{C0C6C5C3-295A-4758-A200-6738A06A49C8}"
EndProject
Project("{FAE04EC0-301F-11D3-BF4B-00C04F79EFBC}") = "Disco.Mobile.iOS", "Disco.Mobile\Disco.Mobile.iOS\Disco.Mobile.iOS.csproj", "{36D1689F-AF26-4FD7-AE9F-52CE2953DC9B}"
EndProject
Project("{9A19103F-16F7-4668-BE54-9A1E7A4F7556}") = "Disco.Mobile", "Disco.Mobile\Disco.Mobile\Disco.Mobile.csproj", "{7E1C6495-4882-48CB-8BDC-794D5A63D094}"
EndProject
Project("{9A19103F-16F7-4668-BE54-9A1E7A4F7556}") = "Disco.BLL", "Disco.BLL\Disco.BLL.csproj", "{46D3D1E5-2A9C-47F0-B649-F1FB43ABC827}"
EndProject
Project("{FAE04EC0-301F-11D3-BF4B-00C04F79EFBC}") = "Disco.Tests", "Disco.Tests\Disco.Tests.csproj", "{DBC28341-5FB4-4B84-A238-8F9198DE7EAC}"
EndProject
Global
	GlobalSection(SolutionConfigurationPlatforms) = preSolution
		Debug|Any CPU = Debug|Any CPU
		Debug|iPhone = Debug|iPhone
		Debug|iPhoneSimulator = Debug|iPhoneSimulator
		Release|Any CPU = Release|Any CPU
		Release|iPhone = Release|iPhone
		Release|iPhoneSimulator = Release|iPhoneSimulator
	EndGlobalSection
	GlobalSection(ProjectConfigurationPlatforms) = postSolution
		{E8719869-1848-44F5-AFF0-60EA9D395D84}.Debug|Any CPU.ActiveCfg = Debug|Any CPU
		{E8719869-1848-44F5-AFF0-60EA9D395D84}.Debug|Any CPU.Build.0 = Debug|Any CPU
		{E8719869-1848-44F5-AFF0-60EA9D395D84}.Debug|iPhone.ActiveCfg = Debug|Any CPU
		{E8719869-1848-44F5-AFF0-60EA9D395D84}.Debug|iPhone.Build.0 = Debug|Any CPU
		{E8719869-1848-44F5-AFF0-60EA9D395D84}.Debug|iPhoneSimulator.ActiveCfg = Debug|Any CPU
		{E8719869-1848-44F5-AFF0-60EA9D395D84}.Debug|iPhoneSimulator.Build.0 = Debug|Any CPU
		{E8719869-1848-44F5-AFF0-60EA9D395D84}.Release|Any CPU.ActiveCfg = Release|Any CPU
		{E8719869-1848-44F5-AFF0-60EA9D395D84}.Release|Any CPU.Build.0 = Release|Any CPU
		{E8719869-1848-44F5-AFF0-60EA9D395D84}.Release|iPhone.ActiveCfg = Release|Any CPU
		{E8719869-1848-44F5-AFF0-60EA9D395D84}.Release|iPhone.Build.0 = Release|Any CPU
		{E8719869-1848-44F5-AFF0-60EA9D395D84}.Release|iPhoneSimulator.ActiveCfg = Release|Any CPU
		{E8719869-1848-44F5-AFF0-60EA9D395D84}.Release|iPhoneSimulator.Build.0 = Release|Any CPU
		{2A5ED972-48B2-4198-9CD6-3C4929223040}.Debug|Any CPU.ActiveCfg = Debug|Any CPU
		{2A5ED972-48B2-4198-9CD6-3C4929223040}.Debug|Any CPU.Build.0 = Debug|Any CPU
		{2A5ED972-48B2-4198-9CD6-3C4929223040}.Debug|iPhone.ActiveCfg = Debug|Any CPU
		{2A5ED972-48B2-4198-9CD6-3C4929223040}.Debug|iPhone.Build.0 = Debug|Any CPU
		{2A5ED972-48B2-4198-9CD6-3C4929223040}.Debug|iPhoneSimulator.ActiveCfg = Debug|Any CPU
		{2A5ED972-48B2-4198-9CD6-3C4929223040}.Debug|iPhoneSimulator.Build.0 = Debug|Any CPU
		{2A5ED972-48B2-4198-9CD6-3C4929223040}.Release|Any CPU.ActiveCfg = Release|Any CPU
		{2A5ED972-48B2-4198-9CD6-3C4929223040}.Release|Any CPU.Build.0 = Release|Any CPU
		{2A5ED972-48B2-4198-9CD6-3C4929223040}.Release|iPhone.ActiveCfg = Release|Any CPU
		{2A5ED972-48B2-4198-9CD6-3C4929223040}.Release|iPhone.Build.0 = Release|Any CPU
		{2A5ED972-48B2-4198-9CD6-3C4929223040}.Release|iPhoneSimulator.ActiveCfg = Release|Any CPU
		{2A5ED972-48B2-4198-9CD6-3C4929223040}.Release|iPhoneSimulator.Build.0 = Release|Any CPU
		{C0C6C5C3-295A-4758-A200-6738A06A49C8}.Debug|Any CPU.ActiveCfg = Debug|Any CPU
		{C0C6C5C3-295A-4758-A200-6738A06A49C8}.Debug|Any CPU.Build.0 = Debug|Any CPU
		{C0C6C5C3-295A-4758-A200-6738A06A49C8}.Debug|Any CPU.Deploy.0 = Debug|Any CPU
		{C0C6C5C3-295A-4758-A200-6738A06A49C8}.Debug|iPhone.ActiveCfg = Debug|Any CPU
		{C0C6C5C3-295A-4758-A200-6738A06A49C8}.Debug|iPhone.Build.0 = Debug|Any CPU
		{C0C6C5C3-295A-4758-A200-6738A06A49C8}.Debug|iPhone.Deploy.0 = Debug|Any CPU
		{C0C6C5C3-295A-4758-A200-6738A06A49C8}.Debug|iPhoneSimulator.ActiveCfg = Debug|Any CPU
		{C0C6C5C3-295A-4758-A200-6738A06A49C8}.Debug|iPhoneSimulator.Build.0 = Debug|Any CPU
		{C0C6C5C3-295A-4758-A200-6738A06A49C8}.Debug|iPhoneSimulator.Deploy.0 = Debug|Any CPU
		{C0C6C5C3-295A-4758-A200-6738A06A49C8}.Release|Any CPU.ActiveCfg = Release|Any CPU
		{C0C6C5C3-295A-4758-A200-6738A06A49C8}.Release|Any CPU.Build.0 = Release|Any CPU
		{C0C6C5C3-295A-4758-A200-6738A06A49C8}.Release|Any CPU.Deploy.0 = Release|Any CPU
		{C0C6C5C3-295A-4758-A200-6738A06A49C8}.Release|iPhone.ActiveCfg = Release|Any CPU
		{C0C6C5C3-295A-4758-A200-6738A06A49C8}.Release|iPhone.Build.0 = Release|Any CPU
		{C0C6C5C3-295A-4758-A200-6738A06A49C8}.Release|iPhone.Deploy.0 = Release|Any CPU
		{C0C6C5C3-295A-4758-A200-6738A06A49C8}.Release|iPhoneSimulator.ActiveCfg = Release|Any CPU
		{C0C6C5C3-295A-4758-A200-6738A06A49C8}.Release|iPhoneSimulator.Build.0 = Release|Any CPU
		{C0C6C5C3-295A-4758-A200-6738A06A49C8}.Release|iPhoneSimulator.Deploy.0 = Release|Any CPU
		{36D1689F-AF26-4FD7-AE9F-52CE2953DC9B}.Debug|Any CPU.ActiveCfg = Debug|iPhoneSimulator
		{36D1689F-AF26-4FD7-AE9F-52CE2953DC9B}.Debug|iPhone.ActiveCfg = Debug|iPhone
		{36D1689F-AF26-4FD7-AE9F-52CE2953DC9B}.Debug|iPhone.Build.0 = Debug|iPhone
		{36D1689F-AF26-4FD7-AE9F-52CE2953DC9B}.Debug|iPhoneSimulator.ActiveCfg = Debug|iPhoneSimulator
		{36D1689F-AF26-4FD7-AE9F-52CE2953DC9B}.Debug|iPhoneSimulator.Build.0 = Debug|iPhoneSimulator
		{36D1689F-AF26-4FD7-AE9F-52CE2953DC9B}.Release|Any CPU.ActiveCfg = Release|iPhoneSimulator
		{36D1689F-AF26-4FD7-AE9F-52CE2953DC9B}.Release|iPhone.ActiveCfg = Release|iPhone
		{36D1689F-AF26-4FD7-AE9F-52CE2953DC9B}.Release|iPhone.Build.0 = Release|iPhone
		{36D1689F-AF26-4FD7-AE9F-52CE2953DC9B}.Release|iPhoneSimulator.ActiveCfg = Release|iPhoneSimulator
		{36D1689F-AF26-4FD7-AE9F-52CE2953DC9B}.Release|iPhoneSimulator.Build.0 = Release|iPhoneSimulator
		{7E1C6495-4882-48CB-8BDC-794D5A63D094}.Debug|Any CPU.ActiveCfg = Debug|Any CPU
		{7E1C6495-4882-48CB-8BDC-794D5A63D094}.Debug|Any CPU.Build.0 = Debug|Any CPU
		{7E1C6495-4882-48CB-8BDC-794D5A63D094}.Debug|iPhone.ActiveCfg = Debug|Any CPU
		{7E1C6495-4882-48CB-8BDC-794D5A63D094}.Debug|iPhone.Build.0 = Debug|Any CPU
		{7E1C6495-4882-48CB-8BDC-794D5A63D094}.Debug|iPhoneSimulator.ActiveCfg = Debug|Any CPU
		{7E1C6495-4882-48CB-8BDC-794D5A63D094}.Debug|iPhoneSimulator.Build.0 = Debug|Any CPU
		{7E1C6495-4882-48CB-8BDC-794D5A63D094}.Release|Any CPU.ActiveCfg = Release|Any CPU
		{7E1C6495-4882-48CB-8BDC-794D5A63D094}.Release|Any CPU.Build.0 = Release|Any CPU
		{7E1C6495-4882-48CB-8BDC-794D5A63D094}.Release|iPhone.ActiveCfg = Release|Any CPU
		{7E1C6495-4882-48CB-8BDC-794D5A63D094}.Release|iPhone.Build.0 = Release|Any CPU
		{7E1C6495-4882-48CB-8BDC-794D5A63D094}.Release|iPhoneSimulator.ActiveCfg = Release|Any CPU
		{7E1C6495-4882-48CB-8BDC-794D5A63D094}.Release|iPhoneSimulator.Build.0 = Release|Any CPU
		{46D3D1E5-2A9C-47F0-B649-F1FB43ABC827}.Debug|Any CPU.ActiveCfg = Debug|Any CPU
		{46D3D1E5-2A9C-47F0-B649-F1FB43ABC827}.Debug|Any CPU.Build.0 = Debug|Any CPU
		{46D3D1E5-2A9C-47F0-B649-F1FB43ABC827}.Debug|iPhone.ActiveCfg = Debug|Any CPU
		{46D3D1E5-2A9C-47F0-B649-F1FB43ABC827}.Debug|iPhone.Build.0 = Debug|Any CPU
		{46D3D1E5-2A9C-47F0-B649-F1FB43ABC827}.Debug|iPhoneSimulator.ActiveCfg = Debug|Any CPU
		{46D3D1E5-2A9C-47F0-B649-F1FB43ABC827}.Debug|iPhoneSimulator.Build.0 = Debug|Any CPU
		{46D3D1E5-2A9C-47F0-B649-F1FB43ABC827}.Release|Any CPU.ActiveCfg = Release|Any CPU
		{46D3D1E5-2A9C-47F0-B649-F1FB43ABC827}.Release|Any CPU.Build.0 = Release|Any CPU
		{46D3D1E5-2A9C-47F0-B649-F1FB43ABC827}.Release|iPhone.ActiveCfg = Release|Any CPU
		{46D3D1E5-2A9C-47F0-B649-F1FB43ABC827}.Release|iPhone.Build.0 = Release|Any CPU
		{46D3D1E5-2A9C-47F0-B649-F1FB43ABC827}.Release|iPhoneSimulator.ActiveCfg = Release|Any CPU
		{46D3D1E5-2A9C-47F0-B649-F1FB43ABC827}.Release|iPhoneSimulator.Build.0 = Release|Any CPU
		{DBC28341-5FB4-4B84-A238-8F9198DE7EAC}.Debug|Any CPU.ActiveCfg = Debug|Any CPU
		{DBC28341-5FB4-4B84-A238-8F9198DE7EAC}.Debug|Any CPU.Build.0 = Debug|Any CPU
		{DBC28341-5FB4-4B84-A238-8F9198DE7EAC}.Debug|iPhone.ActiveCfg = Debug|Any CPU
		{DBC28341-5FB4-4B84-A238-8F9198DE7EAC}.Debug|iPhone.Build.0 = Debug|Any CPU
		{DBC28341-5FB4-4B84-A238-8F9198DE7EAC}.Debug|iPhoneSimulator.ActiveCfg = Debug|Any CPU
		{DBC28341-5FB4-4B84-A238-8F9198DE7EAC}.Debug|iPhoneSimulator.Build.0 = Debug|Any CPU
		{DBC28341-5FB4-4B84-A238-8F9198DE7EAC}.Release|Any CPU.ActiveCfg = Release|Any CPU
		{DBC28341-5FB4-4B84-A238-8F9198DE7EAC}.Release|Any CPU.Build.0 = Release|Any CPU
		{DBC28341-5FB4-4B84-A238-8F9198DE7EAC}.Release|iPhone.ActiveCfg = Release|Any CPU
		{DBC28341-5FB4-4B84-A238-8F9198DE7EAC}.Release|iPhone.Build.0 = Release|Any CPU
		{DBC28341-5FB4-4B84-A238-8F9198DE7EAC}.Release|iPhoneSimulator.ActiveCfg = Release|Any CPU
		{DBC28341-5FB4-4B84-A238-8F9198DE7EAC}.Release|iPhoneSimulator.Build.0 = Release|Any CPU
	EndGlobalSection
	GlobalSection(SolutionProperties) = preSolution
		HideSolutionNode = FALSE
	EndGlobalSection
	GlobalSection(ExtensibilityGlobals) = postSolution
		SolutionGuid = {945BAE7D-185F-418B-8EE7-4CE52AF7CAA0}
	EndGlobalSection
EndGlobal
