
Microsoft Visual Studio Solution File, Format Version 12.00
# Visual Studio Version 17
VisualStudioVersion = 17.3.32929.385
MinimumVisualStudioVersion = 10.0.40219.1
Project("{9A19103F-16F7-4668-BE54-9A1E7A4F7556}") = "Disco.AdminPanel", "Disco.AdminPanel\Disco.AdminPanel.csproj", "{FC6B187C-F97E-4CD5-A03B-0341F8522A14}"
EndProject
Global
	GlobalSection(SolutionConfigurationPlatforms) = preSolution
		Debug|Any CPU = Debug|Any CPU
		Release|Any CPU = Release|Any CPU
	EndGlobalSection
	GlobalSection(ProjectConfigurationPlatforms) = postSolution
		{FC6B187C-F97E-4CD5-A03B-0341F8522A14}.Debug|Any CPU.ActiveCfg = Debug|Any CPU
		{FC6B187C-F97E-4CD5-A03B-0341F8522A14}.Debug|Any CPU.Build.0 = Debug|Any CPU
		{FC6B187C-F97E-4CD5-A03B-0341F8522A14}.Release|Any CPU.ActiveCfg = Release|Any CPU
		{FC6B187C-F97E-4CD5-A03B-0341F8522A14}.Release|Any CPU.Build.0 = Release|Any CPU
	EndGlobalSection
	GlobalSection(SolutionProperties) = preSolution
		HideSolutionNode = FALSE
	EndGlobalSection
	GlobalSection(ExtensibilityGlobals) = postSolution
		SolutionGuid = {F4A71A9E-40E3-4C11-89A9-D4A7ABC02C02}
	EndGlobalSection
EndGlobal
