
Microsoft Visual Studio Solution File, Format Version 12.00
# Visual Studio Version 17
VisualStudioVersion = 17.2.32519.379
MinimumVisualStudioVersion = 10.0.40219.1
Project("{FAE04EC0-301F-11D3-BF4B-00C04F79EFBC}") = "Disco.Admin", "Disco.Admin\Disco.Admin.csproj", "{B7501954-88E1-4CA0-88D7-DBE1934EFECD}"
EndProject
Global
	GlobalSection(SolutionConfigurationPlatforms) = preSolution
		Debug|Any CPU = Debug|Any CPU
		Release|Any CPU = Release|Any CPU
	EndGlobalSection
	GlobalSection(ProjectConfigurationPlatforms) = postSolution
		{B7501954-88E1-4CA0-88D7-DBE1934EFECD}.Debug|Any CPU.ActiveCfg = Debug|Any CPU
		{B7501954-88E1-4CA0-88D7-DBE1934EFECD}.Debug|Any CPU.Build.0 = Debug|Any CPU
		{B7501954-88E1-4CA0-88D7-DBE1934EFECD}.Release|Any CPU.ActiveCfg = Release|Any CPU
		{B7501954-88E1-4CA0-88D7-DBE1934EFECD}.Release|Any CPU.Build.0 = Release|Any CPU
	EndGlobalSection
	GlobalSection(SolutionProperties) = preSolution
		HideSolutionNode = FALSE
	EndGlobalSection
	GlobalSection(ExtensibilityGlobals) = postSolution
		SolutionGuid = {F7B2C933-B6DD-49F7-B93A-EDFCF6CEBB42}
	EndGlobalSection
EndGlobal
