
Microsoft Visual Studio Solution File, Format Version 12.00
# Visual Studio Version 17
VisualStudioVersion = 17.3.32929.385
MinimumVisualStudioVersion = 10.0.40219.1
Project("{FAE04EC0-301F-11D3-BF4B-00C04F79EFBC}") = "Disco.AdminPanel.Presentation", "Disco.AdminPanel.Presentation\Disco.AdminPanel.Presentation.csproj", "{DBF6F9ED-BB12-4B34-83B3-BDF25E0DA79C}"
EndProject
Global
	GlobalSection(SolutionConfigurationPlatforms) = preSolution
		Debug|Any CPU = Debug|Any CPU
		Release|Any CPU = Release|Any CPU
	EndGlobalSection
	GlobalSection(ProjectConfigurationPlatforms) = postSolution
		{DBF6F9ED-BB12-4B34-83B3-BDF25E0DA79C}.Debug|Any CPU.ActiveCfg = Debug|Any CPU
		{DBF6F9ED-BB12-4B34-83B3-BDF25E0DA79C}.Debug|Any CPU.Build.0 = Debug|Any CPU
		{DBF6F9ED-BB12-4B34-83B3-BDF25E0DA79C}.Release|Any CPU.ActiveCfg = Release|Any CPU
		{DBF6F9ED-BB12-4B34-83B3-BDF25E0DA79C}.Release|Any CPU.Build.0 = Release|Any CPU
	EndGlobalSection
	GlobalSection(SolutionProperties) = preSolution
		HideSolutionNode = FALSE
	EndGlobalSection
	GlobalSection(ExtensibilityGlobals) = postSolution
		SolutionGuid = {44BF6DFF-F747-4EC3-B132-C7234AE16377}
	EndGlobalSection
EndGlobal
