
Microsoft Visual Studio Solution File, Format Version 12.00
# Visual Studio Version 17
VisualStudioVersion = 17.2.32519.379
MinimumVisualStudioVersion = 10.0.40219.1
Project("{9A19103F-16F7-4668-BE54-9A1E7A4F7556}") = "Disco.Web", "Disco.Web\Disco.Web.csproj", "{EEE98B4B-BA50-46FE-A329-0E7E28257F65}"
EndProject
Global
	GlobalSection(SolutionConfigurationPlatforms) = preSolution
		Debug|Any CPU = Debug|Any CPU
		Release|Any CPU = Release|Any CPU
	EndGlobalSection
	GlobalSection(ProjectConfigurationPlatforms) = postSolution
		{EEE98B4B-BA50-46FE-A329-0E7E28257F65}.Debug|Any CPU.ActiveCfg = Debug|Any CPU
		{EEE98B4B-BA50-46FE-A329-0E7E28257F65}.Debug|Any CPU.Build.0 = Debug|Any CPU
		{EEE98B4B-BA50-46FE-A329-0E7E28257F65}.Release|Any CPU.ActiveCfg = Release|Any CPU
		{EEE98B4B-BA50-46FE-A329-0E7E28257F65}.Release|Any CPU.Build.0 = Release|Any CPU
	EndGlobalSection
	GlobalSection(SolutionProperties) = preSolution
		HideSolutionNode = FALSE
	EndGlobalSection
	GlobalSection(ExtensibilityGlobals) = postSolution
		SolutionGuid = {AF792B1D-8863-4A5E-9B7B-3312A7519705}
	EndGlobalSection
EndGlobal
